
Microsoft Visual Studio Solution File, Format Version 12.00
# Visual Studio Version 16
VisualStudioVersion = 16.0.31515.178
MinimumVisualStudioVersion = 10.0.40219.1
Project("{9A19103F-16F7-4668-BE54-9A1E7A4F7556}") = "data_structures", "data_structures\data_structures.csproj", "{676C1926-F69D-4264-B46C-49460481B047}"
EndProject
Global
	GlobalSection(SolutionConfigurationPlatforms) = preSolution
		Debug|Any CPU = Debug|Any CPU
		Release|Any CPU = Release|Any CPU
	EndGlobalSection
	GlobalSection(ProjectConfigurationPlatforms) = postSolution
		{676C1926-F69D-4264-B46C-49460481B047}.Debug|Any CPU.ActiveCfg = Debug|Any CPU
		{676C1926-F69D-4264-B46C-49460481B047}.Debug|Any CPU.Build.0 = Debug|Any CPU
		{676C1926-F69D-4264-B46C-49460481B047}.Release|Any CPU.ActiveCfg = Release|Any CPU
		{676C1926-F69D-4264-B46C-49460481B047}.Release|Any CPU.Build.0 = Release|Any CPU
	EndGlobalSection
	GlobalSection(SolutionProperties) = preSolution
		HideSolutionNode = FALSE
	EndGlobalSection
	GlobalSection(ExtensibilityGlobals) = postSolution
		SolutionGuid = {B9D0C277-EF2D-4BED-96B3-A2A7B613115C}
	EndGlobalSection
EndGlobal
